// !$*UTF8*$!
{
	archiveVersion = 1;
	classes = {
	};
	objectVersion = 46;
	objects = {

/* Begin PBXBuildFile section */
		7043873A19F4AA27000AE179 /* main.m in Sources */ = {isa = PBXBuildFile; fileRef = 7043873919F4AA27000AE179 /* main.m */; };
		7043873D19F4AA27000AE179 /* AppDelegate.m in Sources */ = {isa = PBXBuildFile; fileRef = 7043873C19F4AA27000AE179 /* AppDelegate.m */; };
		7043874019F4AA27000AE179 /* ViewController.m in Sources */ = {isa = PBXBuildFile; fileRef = 7043873F19F4AA27000AE179 /* ViewController.m */; };
		7043874319F4AA27000AE179 /* Main.storyboard in Resources */ = {isa = PBXBuildFile; fileRef = 7043874119F4AA27000AE179 /* Main.storyboard */; };
		7043874519F4AA27000AE179 /* Images.xcassets in Resources */ = {isa = PBXBuildFile; fileRef = 7043874419F4AA27000AE179 /* Images.xcassets */; };
		7043874819F4AA27000AE179 /* LaunchScreen.xib in Resources */ = {isa = PBXBuildFile; fileRef = 7043874619F4AA27000AE179 /* LaunchScreen.xib */; };
		7043875419F4AA28000AE179 /* CalendarPlusTests.m in Sources */ = {isa = PBXBuildFile; fileRef = 7043875319F4AA28000AE179 /* CalendarPlusTests.m */; };
/* End PBXBuildFile section */

/* Begin PBXContainerItemProxy section */
		7043874E19F4AA28000AE179 /* PBXContainerItemProxy */ = {
			isa = PBXContainerItemProxy;
			containerPortal = 7043872C19F4AA27000AE179 /* Project object */;
			proxyType = 1;
			remoteGlobalIDString = 7043873319F4AA27000AE179;
			remoteInfo = CalendarPlus;
		};
/* End PBXContainerItemProxy section */

/* Begin PBXFileReference section */
		7043873419F4AA27000AE179 /* CalendarPlus.app */ = {isa = PBXFileReference; explicitFileType = wrapper.application; includeInIndex = 0; path = CalendarPlus.app; sourceTree = BUILT_PRODUCTS_DIR; };
		7043873819F4AA27000AE179 /* Info.plist */ = {isa = PBXFileReference; lastKnownFileType = text.plist.xml; path = Info.plist; sourceTree = "<group>"; };
		7043873919F4AA27000AE179 /* main.m */ = {isa = PBXFileReference; lastKnownFileType = sourcecode.c.objc; path = main.m; sourceTree = "<group>"; };
		7043873B19F4AA27000AE179 /* AppDelegate.h */ = {isa = PBXFileReference; lastKnownFileType = sourcecode.c.h; path = AppDelegate.h; sourceTree = "<group>"; };
		7043873C19F4AA27000AE179 /* AppDelegate.m */ = {isa = PBXFileReference; lastKnownFileType = sourcecode.c.objc; path = AppDelegate.m; sourceTree = "<group>"; };
		7043873E19F4AA27000AE179 /* ViewController.h */ = {isa = PBXFileReference; lastKnownFileType = sourcecode.c.h; path = ViewController.h; sourceTree = "<group>"; };
		7043873F19F4AA27000AE179 /* ViewController.m */ = {isa = PBXFileReference; lastKnownFileType = sourcecode.c.objc; path = ViewController.m; sourceTree = "<group>"; };
		7043874219F4AA27000AE179 /* Base */ = {isa = PBXFileReference; lastKnownFileType = file.storyboard; name = Base; path = Base.lproj/Main.storyboard; sourceTree = "<group>"; };
		7043874419F4AA27000AE179 /* Images.xcassets */ = {isa = PBXFileReference; lastKnownFileType = folder.assetcatalog; path = Images.xcassets; sourceTree = "<group>"; };
		7043874719F4AA27000AE179 /* Base */ = {isa = PBXFileReference; lastKnownFileType = file.xib; name = Base; path = Base.lproj/LaunchScreen.xib; sourceTree = "<group>"; };
		7043874D19F4AA28000AE179 /* CalendarPlusTests.xctest */ = {isa = PBXFileReference; explicitFileType = wrapper.cfbundle; includeInIndex = 0; path = CalendarPlusTests.xctest; sourceTree = BUILT_PRODUCTS_DIR; };
		7043875219F4AA28000AE179 /* Info.plist */ = {isa = PBXFileReference; lastKnownFileType = text.plist.xml; path = Info.plist; sourceTree = "<group>"; };
		7043875319F4AA28000AE179 /* CalendarPlusTests.m */ = {isa = PBXFileReference; lastKnownFileType = sourcecode.c.objc; path = CalendarPlusTests.m; sourceTree = "<group>"; };
/* End PBXFileReference section */

/* Begin PBXFrameworksBuildPhase section */
		7043873119F4AA27000AE179 /* Frameworks */ = {
			isa = PBXFrameworksBuildPhase;
			buildActionMask = 2147483647;
			files = (
			);
			runOnlyForDeploymentPostprocessing = 0;
		};
		7043874A19F4AA28000AE179 /* Frameworks */ = {
			isa = PBXFrameworksBuildPhase;
			buildActionMask = 2147483647;
			files = (
			);
			runOnlyForDeploymentPostprocessing = 0;
		};
/* End PBXFrameworksBuildPhase section */

/* Begin PBXGroup section */
		7043872B19F4AA27000AE179 = {
			isa = PBXGroup;
			children = (
				7043873619F4AA27000AE179 /* CalendarPlus */,
				7043875019F4AA28000AE179 /* CalendarPlusTests */,
				7043873519F4AA27000AE179 /* Products */,
			);
			sourceTree = "<group>";
		};
		7043873519F4AA27000AE179 /* Products */ = {
			isa = PBXGroup;
			children = (
				7043873419F4AA27000AE179 /* CalendarPlus.app */,
				7043874D19F4AA28000AE179 /* CalendarPlusTests.xctest */,
			);
			name = Products;
			sourceTree = "<group>";
		};
		7043873619F4AA27000AE179 /* CalendarPlus */ = {
			isa = PBXGroup;
			children = (
				7043873B19F4AA27000AE179 /* AppDelegate.h */,
				7043873C19F4AA27000AE179 /* AppDelegate.m */,
				7043873E19F4AA27000AE179 /* ViewController.h */,
				7043873F19F4AA27000AE179 /* ViewController.m */,
				7043874119F4AA27000AE179 /* Main.storyboard */,
				7043874419F4AA27000AE179 /* Images.xcassets */,
				7043874619F4AA27000AE179 /* LaunchScreen.xib */,
				7043873719F4AA27000AE179 /* Supporting Files */,
			);
			path = CalendarPlus;
			sourceTree = "<group>";
		};
		7043873719F4AA27000AE179 /* Supporting Files */ = {
			isa = PBXGroup;
			children = (
				7043873819F4AA27000AE179 /* Info.plist */,
				7043873919F4AA27000AE179 /* main.m */,
			);
			name = "Supporting Files";
			sourceTree = "<group>";
		};
		7043875019F4AA28000AE179 /* CalendarPlusTests */ = {
			isa = PBXGroup;
			children = (
				7043875319F4AA28000AE179 /* CalendarPlusTests.m */,
				7043875119F4AA28000AE179 /* Supporting Files */,
			);
			path = CalendarPlusTests;
			sourceTree = "<group>";
		};
		7043875119F4AA28000AE179 /* Supporting Files */ = {
			isa = PBXGroup;
			children = (
				7043875219F4AA28000AE179 /* Info.plist */,
			);
			name = "Supporting Files";
			sourceTree = "<group>";
		};
/* End PBXGroup section */

/* Begin PBXNativeTarget section */
		7043873319F4AA27000AE179 /* CalendarPlus */ = {
			isa = PBXNativeTarget;
			buildConfigurationList = 7043875719F4AA28000AE179 /* Build configuration list for PBXNativeTarget "CalendarPlus" */;
			buildPhases = (
				7043873019F4AA27000AE179 /* Sources */,
				7043873119F4AA27000AE179 /* Frameworks */,
				7043873219F4AA27000AE179 /* Resources */,
			);
			buildRules = (
			);
			dependencies = (
			);
			name = CalendarPlus;
			productName = CalendarPlus;
			productReference = 7043873419F4AA27000AE179 /* CalendarPlus.app */;
			productType = "com.apple.product-type.application";
		};
		7043874C19F4AA28000AE179 /* CalendarPlusTests */ = {
			isa = PBXNativeTarget;
			buildConfigurationList = 7043875A19F4AA28000AE179 /* Build configuration list for PBXNativeTarget "CalendarPlusTests" */;
			buildPhases = (
				7043874919F4AA28000AE179 /* Sources */,
				7043874A19F4AA28000AE179 /* Frameworks */,
				7043874B19F4AA28000AE179 /* Resources */,
			);
			buildRules = (
			);
			dependencies = (
				7043874F19F4AA28000AE179 /* PBXTargetDependency */,
			);
			name = CalendarPlusTests;
			productName = CalendarPlusTests;
			productReference = 7043874D19F4AA28000AE179 /* CalendarPlusTests.xctest */;
			productType = "com.apple.product-type.bundle.unit-test";
		};
/* End PBXNativeTarget section */

/* Begin PBXProject section */
		7043872C19F4AA27000AE179 /* Project object */ = {
			isa = PBXProject;
			attributes = {
				LastUpgradeCheck = 0600;
				ORGANIZATIONNAME = "Howon Song";
				TargetAttributes = {
					7043873319F4AA27000AE179 = {
						CreatedOnToolsVersion = 6.0.1;
					};
					7043874C19F4AA28000AE179 = {
						CreatedOnToolsVersion = 6.0.1;
						TestTargetID = 7043873319F4AA27000AE179;
					};
				};
			};
			buildConfigurationList = 7043872F19F4AA27000AE179 /* Build configuration list for PBXProject "CalendarPlus" */;
			compatibilityVersion = "Xcode 3.2";
			developmentRegion = English;
			hasScannedForEncodings = 0;
			knownRegions = (
				en,
				Base,
			);
			mainGroup = 7043872B19F4AA27000AE179;
			productRefGroup = 7043873519F4AA27000AE179 /* Products */;
			projectDirPath = "";
			projectRoot = "";
			targets = (
				7043873319F4AA27000AE179 /* CalendarPlus */,
				7043874C19F4AA28000AE179 /* CalendarPlusTests */,
			);
		};
/* End PBXProject section */

/* Begin PBXResourcesBuildPhase section */
		7043873219F4AA27000AE179 /* Resources */ = {
			isa = PBXResourcesBuildPhase;
			buildActionMask = 2147483647;
			files = (
				7043874319F4AA27000AE179 /* Main.storyboard in Resources */,
				7043874819F4AA27000AE179 /* LaunchScreen.xib in Resources */,
				7043874519F4AA27000AE179 /* Images.xcassets in Resources */,
			);
			runOnlyForDeploymentPostprocessing = 0;
		};
		7043874B19F4AA28000AE179 /* Resources */ = {
			isa = PBXResourcesBuildPhase;
			buildActionMask = 2147483647;
			files = (
			);
			runOnlyForDeploymentPostprocessing = 0;
		};
/* End PBXResourcesBuildPhase section */

/* Begin PBXSourcesBuildPhase section */
		7043873019F4AA27000AE179 /* Sources */ = {
			isa = PBXSourcesBuildPhase;
			buildActionMask = 2147483647;
			files = (
				7043874019F4AA27000AE179 /* ViewController.m in Sources */,
				7043873D19F4AA27000AE179 /* AppDelegate.m in Sources */,
				7043873A19F4AA27000AE179 /* main.m in Sources */,
			);
			runOnlyForDeploymentPostprocessing = 0;
		};
		7043874919F4AA28000AE179 /* Sources */ = {
			isa = PBXSourcesBuildPhase;
			buildActionMask = 2147483647;
			files = (
				7043875419F4AA28000AE179 /* CalendarPlusTests.m in Sources */,
			);
			runOnlyForDeploymentPostprocessing = 0;
		};
/* End PBXSourcesBuildPhase section */

/* Begin PBXTargetDependency section */
		7043874F19F4AA28000AE179 /* PBXTargetDependency */ = {
			isa = PBXTargetDependency;
			target = 7043873319F4AA27000AE179 /* CalendarPlus */;
			targetProxy = 7043874E19F4AA28000AE179 /* PBXContainerItemProxy */;
		};
/* End PBXTargetDependency section */

/* Begin PBXVariantGroup section */
		7043874119F4AA27000AE179 /* Main.storyboard */ = {
			isa = PBXVariantGroup;
			children = (
				7043874219F4AA27000AE179 /* Base */,
			);
			name = Main.storyboard;
			sourceTree = "<group>";
		};
		7043874619F4AA27000AE179 /* LaunchScreen.xib */ = {
			isa = PBXVariantGroup;
			children = (
				7043874719F4AA27000AE179 /* Base */,
			);
			name = LaunchScreen.xib;
			sourceTree = "<group>";
		};
/* End PBXVariantGroup section */

/* Begin XCBuildConfiguration section */
		7043875519F4AA28000AE179 /* Debug */ = {
			isa = XCBuildConfiguration;
			buildSettings = {
				ALWAYS_SEARCH_USER_PATHS = NO;
				CLANG_CXX_LANGUAGE_STANDARD = "gnu++0x";
				CLANG_CXX_LIBRARY = "libc++";
				CLANG_ENABLE_MODULES = YES;
				CLANG_ENABLE_OBJC_ARC = YES;
				CLANG_WARN_BOOL_CONVERSION = YES;
				CLANG_WARN_CONSTANT_CONVERSION = YES;
				CLANG_WARN_DIRECT_OBJC_ISA_USAGE = YES_ERROR;
				CLANG_WARN_EMPTY_BODY = YES;
				CLANG_WARN_ENUM_CONVERSION = YES;
				CLANG_WARN_INT_CONVERSION = YES;
				CLANG_WARN_OBJC_ROOT_CLASS = YES_ERROR;
				CLANG_WARN_UNREACHABLE_CODE = YES;
				CLANG_WARN__DUPLICATE_METHOD_MATCH = YES;
				"CODE_SIGN_IDENTITY[sdk=iphoneos*]" = "iPhone Developer";
				COPY_PHASE_STRIP = NO;
				ENABLE_STRICT_OBJC_MSGSEND = YES;
				GCC_C_LANGUAGE_STANDARD = gnu99;
				GCC_DYNAMIC_NO_PIC = NO;
				GCC_OPTIMIZATION_LEVEL = 0;
				GCC_PREPROCESSOR_DEFINITIONS = (
					"DEBUG=1",
					"$(inherited)",
				);
				GCC_SYMBOLS_PRIVATE_EXTERN = NO;
				GCC_WARN_64_TO_32_BIT_CONVERSION = YES;
				GCC_WARN_ABOUT_RETURN_TYPE = YES_ERROR;
				GCC_WARN_UNDECLARED_SELECTOR = YES;
				GCC_WARN_UNINITIALIZED_AUTOS = YES_AGGRESSIVE;
				GCC_WARN_UNUSED_FUNCTION = YES;
				GCC_WARN_UNUSED_VARIABLE = YES;
				IPHONEOS_DEPLOYMENT_TARGET = 8.0;
				MTL_ENABLE_DEBUG_INFO = YES;
				ONLY_ACTIVE_ARCH = YES;
				SDKROOT = iphoneos;
			};
			name = Debug;
		};
		7043875619F4AA28000AE179 /* Release */ = {
			isa = XCBuildConfiguration;
			buildSettings = {
				ALWAYS_SEARCH_USER_PATHS = NO;
				CLANG_CXX_LANGUAGE_STANDARD = "gnu++0x";
				CLANG_CXX_LIBRARY = "libc++";
				CLANG_ENABLE_MODULES = YES;
				CLANG_ENABLE_OBJC_ARC = YES;
				CLANG_WARN_BOOL_CONVERSION = YES;
				CLANG_WARN_CONSTANT_CONVERSION = YES;
				CLANG_WARN_DIRECT_OBJC_ISA_USAGE = YES_ERROR;
				CLANG_WARN_EMPTY_BODY = YES;
				CLANG_WARN_ENUM_CONVERSION = YES;
				CLANG_WARN_INT_CONVERSION = YES;
				CLANG_WARN_OBJC_ROOT_CLASS = YES_ERROR;
				CLANG_WARN_UNREACHABLE_CODE = YES;
				CLANG_WARN__DUPLICATE_METHOD_MATCH = YES;
				"CODE_SIGN_IDENTITY[sdk=iphoneos*]" = "iPhone Developer";
				COPY_PHASE_STRIP = YES;
				ENABLE_NS_ASSERTIONS = NO;
				ENABLE_STRICT_OBJC_MSGSEND = YES;
				GCC_C_LANGUAGE_STANDARD = gnu99;
				GCC_WARN_64_TO_32_BIT_CONVERSION = YES;
				GCC_WARN_ABOUT_RETURN_TYPE = YES_ERROR;
				GCC_WARN_UNDECLARED_SELECTOR = YES;
				GCC_WARN_UNINITIALIZED_AUTOS = YES_AGGRESSIVE;
				GCC_WARN_UNUSED_FUNCTION = YES;
				GCC_WARN_UNUSED_VARIABLE = YES;
				IPHONEOS_DEPLOYMENT_TARGET = 8.0;
				MTL_ENABLE_DEBUG_INFO = NO;
				SDKROOT = iphoneos;
				VALIDATE_PRODUCT = YES;
			};
			name = Release;
		};
		7043875819F4AA28000AE179 /* Debug */ = {
			isa = XCBuildConfiguration;
			buildSettings = {
				ASSETCATALOG_COMPILER_APPICON_NAME = AppIcon;
				INFOPLIST_FILE = CalendarPlus/Info.plist;
				LD_RUNPATH_SEARCH_PATHS = "$(inherited) @executable_path/Frameworks";
				PRODUCT_NAME = "$(TARGET_NAME)";
			};
			name = Debug;
		};
		7043875919F4AA28000AE179 /* Release */ = {
			isa = XCBuildConfiguration;
			buildSettings = {
				ASSETCATALOG_COMPILER_APPICON_NAME = AppIcon;
				INFOPLIST_FILE = CalendarPlus/Info.plist;
				LD_RUNPATH_SEARCH_PATHS = "$(inherited) @executable_path/Frameworks";
				PRODUCT_NAME = "$(TARGET_NAME)";
			};
			name = Release;
		};
		7043875B19F4AA28000AE179 /* Debug */ = {
			isa = XCBuildConfiguration;
			buildSettings = {
				BUNDLE_LOADER = "$(TEST_HOST)";
				FRAMEWORK_SEARCH_PATHS = (
					"$(SDKROOT)/Developer/Library/Frameworks",
					"$(inherited)",
				);
				GCC_PREPROCESSOR_DEFINITIONS = (
					"DEBUG=1",
					"$(inherited)",
				);
				INFOPLIST_FILE = CalendarPlusTests/Info.plist;
				LD_RUNPATH_SEARCH_PATHS = "$(inherited) @executable_path/Frameworks @loader_path/Frameworks";
				PRODUCT_NAME = "$(TARGET_NAME)";
				TEST_HOST = "$(BUILT_PRODUCTS_DIR)/CalendarPlus.app/CalendarPlus";
			};
			name = Debug;
		};
		7043875C19F4AA28000AE179 /* Release */ = {
			isa = XCBuildConfiguration;
			buildSettings = {
				BUNDLE_LOADER = "$(TEST_HOST)";
				FRAMEWORK_SEARCH_PATHS = (
					"$(SDKROOT)/Developer/Library/Frameworks",
					"$(inherited)",
				);
				INFOPLIST_FILE = CalendarPlusTests/Info.plist;
				LD_RUNPATH_SEARCH_PATHS = "$(inherited) @executable_path/Frameworks @loader_path/Frameworks";
				PRODUCT_NAME = "$(TARGET_NAME)";
				TEST_HOST = "$(BUILT_PRODUCTS_DIR)/CalendarPlus.app/CalendarPlus";
			};
			name = Release;
		};
/* End XCBuildConfiguration section */

/* Begin XCConfigurationList section */
		7043872F19F4AA27000AE179 /* Build configuration list for PBXProject "CalendarPlus" */ = {
			isa = XCConfigurationList;
			buildConfigurations = (
				7043875519F4AA28000AE179 /* Debug */,
				7043875619F4AA28000AE179 /* Release */,
			);
			defaultConfigurationIsVisible = 0;
			defaultConfigurationName = Release;
		};
		7043875719F4AA28000AE179 /* Build configuration list for PBXNativeTarget "CalendarPlus" */ = {
			isa = XCConfigurationList;
			buildConfigurations = (
				7043875819F4AA28000AE179 /* Debug */,
				7043875919F4AA28000AE179 /* Release */,
			);
			defaultConfigurationIsVisible = 0;
		};
		7043875A19F4AA28000AE179 /* Build configuration list for PBXNativeTarget "CalendarPlusTests" */ = {
			isa = XCConfigurationList;
			buildConfigurations = (
				7043875B19F4AA28000AE179 /* Debug */,
				7043875C19F4AA28000AE179 /* Release */,
			);
			defaultConfigurationIsVisible = 0;
		};
/* End XCConfigurationList section */
	};
	rootObject = 7043872C19F4AA27000AE179 /* Project object */;
}
